// !$*UTF8*$!
{
	archiveVersion = 1;
	classes = {
	};
	objectVersion = 50;
	objects = {

/* Begin PBXBuildFile section */
		FBC036A723166F0800763CDE /* CBAssistiveTouch.framework in Frameworks */ = {isa = PBXBuildFile; fileRef = FBC0369D23166F0800763CDE /* CBAssistiveTouch.framework */; };
		FBC036AC23166F0800763CDE /* CBAssistiveTouchTests.swift in Sources */ = {isa = PBXBuildFile; fileRef = FBC036AB23166F0800763CDE /* CBAssistiveTouchTests.swift */; };
		FBC036AE23166F0800763CDE /* CBAssistiveTouch.h in Headers */ = {isa = PBXBuildFile; fileRef = FBC036A023166F0800763CDE /* CBAssistiveTouch.h */; settings = {ATTRIBUTES = (Public, ); }; };
		FBC036B823166F5100763CDE /* AssistiveTouch.swift in Sources */ = {isa = PBXBuildFile; fileRef = FBC036B723166F5100763CDE /* AssistiveTouch.swift */; };
		FBC036BC2316780100763CDE /* AssistiveTouchLayout.swift in Sources */ = {isa = PBXBuildFile; fileRef = FBC036BB2316780100763CDE /* AssistiveTouchLayout.swift */; };
		FBC036BE2316799400763CDE /* AssistiveTouchManipulator.swift in Sources */ = {isa = PBXBuildFile; fileRef = FBC036BD2316799400763CDE /* AssistiveTouchManipulator.swift */; };
		FBC036C023167A7300763CDE /* TocuhHandling.swift in Sources */ = {isa = PBXBuildFile; fileRef = FBC036BF23167A7300763CDE /* TocuhHandling.swift */; };
		FBC036C2231680E300763CDE /* AssistiveTouchViewController.swift in Sources */ = {isa = PBXBuildFile; fileRef = FBC036C1231680E300763CDE /* AssistiveTouchViewController.swift */; };
		FBC036CA231681FB00763CDE /* AppDelegate.swift in Sources */ = {isa = PBXBuildFile; fileRef = FBC036C9231681FB00763CDE /* AppDelegate.swift */; };
		FBC036CC231681FB00763CDE /* ViewController.swift in Sources */ = {isa = PBXBuildFile; fileRef = FBC036CB231681FB00763CDE /* ViewController.swift */; };
		FBC036D1231681FD00763CDE /* Assets.xcassets in Resources */ = {isa = PBXBuildFile; fileRef = FBC036D0231681FD00763CDE /* Assets.xcassets */; };
		FBC036D4231681FD00763CDE /* LaunchScreen.storyboard in Resources */ = {isa = PBXBuildFile; fileRef = FBC036D2231681FD00763CDE /* LaunchScreen.storyboard */; };
		FBC036DF231681FD00763CDE /* CBAssistiveTouchExampleTests.swift in Sources */ = {isa = PBXBuildFile; fileRef = FBC036DE231681FD00763CDE /* CBAssistiveTouchExampleTests.swift */; };
		FBC036E72316821E00763CDE /* CBAssistiveTouch.framework in Frameworks */ = {isa = PBXBuildFile; fileRef = FBC0369D23166F0800763CDE /* CBAssistiveTouch.framework */; };
		FBC036E82316821E00763CDE /* CBAssistiveTouch.framework in Embed Frameworks */ = {isa = PBXBuildFile; fileRef = FBC0369D23166F0800763CDE /* CBAssistiveTouch.framework */; settings = {ATTRIBUTES = (CodeSignOnCopy, RemoveHeadersOnCopy, ); }; };
		FBC036EE23178E1E00763CDE /* Quadrant.swift in Sources */ = {isa = PBXBuildFile; fileRef = FBC036ED23178E1E00763CDE /* Quadrant.swift */; };
		FBC036F023178E4900763CDE /* CGRect+Ext.swift in Sources */ = {isa = PBXBuildFile; fileRef = FBC036EF23178E4900763CDE /* CGRect+Ext.swift */; };
/* End PBXBuildFile section */

/* Begin PBXContainerItemProxy section */
		FBC036A823166F0800763CDE /* PBXContainerItemProxy */ = {
			isa = PBXContainerItemProxy;
			containerPortal = FBC0369423166F0800763CDE /* Project object */;
			proxyType = 1;
			remoteGlobalIDString = FBC0369C23166F0800763CDE;
			remoteInfo = CBAssistiveTouch;
		};
		FBC036DB231681FD00763CDE /* PBXContainerItemProxy */ = {
			isa = PBXContainerItemProxy;
			containerPortal = FBC0369423166F0800763CDE /* Project object */;
			proxyType = 1;
			remoteGlobalIDString = FBC036C6231681FB00763CDE;
			remoteInfo = CBAssistiveTouchExample;
		};
		FBC036E92316821E00763CDE /* PBXContainerItemProxy */ = {
			isa = PBXContainerItemProxy;
			containerPortal = FBC0369423166F0800763CDE /* Project object */;
			proxyType = 1;
			remoteGlobalIDString = FBC0369C23166F0800763CDE;
			remoteInfo = CBAssistiveTouch;
		};
/* End PBXContainerItemProxy section */

/* Begin PBXCopyFilesBuildPhase section */
		FBC036EB2316821E00763CDE /* Embed Frameworks */ = {
			isa = PBXCopyFilesBuildPhase;
			buildActionMask = 2147483647;
			dstPath = "";
			dstSubfolderSpec = 10;
			files = (
				FBC036E82316821E00763CDE /* CBAssistiveTouch.framework in Embed Frameworks */,
			);
			name = "Embed Frameworks";
			runOnlyForDeploymentPostprocessing = 0;
		};
/* End PBXCopyFilesBuildPhase section */

/* Begin PBXFileReference section */
		FBC0369D23166F0800763CDE /* CBAssistiveTouch.framework */ = {isa = PBXFileReference; explicitFileType = wrapper.framework; includeInIndex = 0; path = CBAssistiveTouch.framework; sourceTree = BUILT_PRODUCTS_DIR; };
		FBC036A023166F0800763CDE /* CBAssistiveTouch.h */ = {isa = PBXFileReference; lastKnownFileType = sourcecode.c.h; path = CBAssistiveTouch.h; sourceTree = "<group>"; };
		FBC036A123166F0800763CDE /* Info.plist */ = {isa = PBXFileReference; lastKnownFileType = text.plist.xml; path = Info.plist; sourceTree = "<group>"; };
		FBC036A623166F0800763CDE /* CBAssistiveTouchTests.xctest */ = {isa = PBXFileReference; explicitFileType = wrapper.cfbundle; includeInIndex = 0; path = CBAssistiveTouchTests.xctest; sourceTree = BUILT_PRODUCTS_DIR; };
		FBC036AB23166F0800763CDE /* CBAssistiveTouchTests.swift */ = {isa = PBXFileReference; lastKnownFileType = sourcecode.swift; path = CBAssistiveTouchTests.swift; sourceTree = "<group>"; };
		FBC036AD23166F0800763CDE /* Info.plist */ = {isa = PBXFileReference; lastKnownFileType = text.plist.xml; path = Info.plist; sourceTree = "<group>"; };
		FBC036B723166F5100763CDE /* AssistiveTouch.swift */ = {isa = PBXFileReference; lastKnownFileType = sourcecode.swift; path = AssistiveTouch.swift; sourceTree = "<group>"; };
		FBC036BB2316780100763CDE /* AssistiveTouchLayout.swift */ = {isa = PBXFileReference; lastKnownFileType = sourcecode.swift; path = AssistiveTouchLayout.swift; sourceTree = "<group>"; };
		FBC036BD2316799400763CDE /* AssistiveTouchManipulator.swift */ = {isa = PBXFileReference; lastKnownFileType = sourcecode.swift; path = AssistiveTouchManipulator.swift; sourceTree = "<group>"; };
		FBC036BF23167A7300763CDE /* TocuhHandling.swift */ = {isa = PBXFileReference; fileEncoding = 4; lastKnownFileType = sourcecode.swift; path = TocuhHandling.swift; sourceTree = "<group>"; };
		FBC036C1231680E300763CDE /* AssistiveTouchViewController.swift */ = {isa = PBXFileReference; lastKnownFileType = sourcecode.swift; path = AssistiveTouchViewController.swift; sourceTree = "<group>"; };
		FBC036C7231681FB00763CDE /* CBAssistiveTouchExample.app */ = {isa = PBXFileReference; explicitFileType = wrapper.application; includeInIndex = 0; path = CBAssistiveTouchExample.app; sourceTree = BUILT_PRODUCTS_DIR; };
		FBC036C9231681FB00763CDE /* AppDelegate.swift */ = {isa = PBXFileReference; lastKnownFileType = sourcecode.swift; path = AppDelegate.swift; sourceTree = "<group>"; };
		FBC036CB231681FB00763CDE /* ViewController.swift */ = {isa = PBXFileReference; lastKnownFileType = sourcecode.swift; path = ViewController.swift; sourceTree = "<group>"; };
		FBC036D0231681FD00763CDE /* Assets.xcassets */ = {isa = PBXFileReference; lastKnownFileType = folder.assetcatalog; path = Assets.xcassets; sourceTree = "<group>"; };
		FBC036D3231681FD00763CDE /* Base */ = {isa = PBXFileReference; lastKnownFileType = file.storyboard; name = Base; path = Base.lproj/LaunchScreen.storyboard; sourceTree = "<group>"; };
		FBC036D5231681FD00763CDE /* Info.plist */ = {isa = PBXFileReference; lastKnownFileType = text.plist.xml; path = Info.plist; sourceTree = "<group>"; };
		FBC036DA231681FD00763CDE /* CBAssistiveTouchExampleTests.xctest */ = {isa = PBXFileReference; explicitFileType = wrapper.cfbundle; includeInIndex = 0; path = CBAssistiveTouchExampleTests.xctest; sourceTree = BUILT_PRODUCTS_DIR; };
		FBC036DE231681FD00763CDE /* CBAssistiveTouchExampleTests.swift */ = {isa = PBXFileReference; lastKnownFileType = sourcecode.swift; path = CBAssistiveTouchExampleTests.swift; sourceTree = "<group>"; };
		FBC036E0231681FD00763CDE /* Info.plist */ = {isa = PBXFileReference; lastKnownFileType = text.plist.xml; path = Info.plist; sourceTree = "<group>"; };
		FBC036ED23178E1E00763CDE /* Quadrant.swift */ = {isa = PBXFileReference; lastKnownFileType = sourcecode.swift; path = Quadrant.swift; sourceTree = "<group>"; };
		FBC036EF23178E4900763CDE /* CGRect+Ext.swift */ = {isa = PBXFileReference; lastKnownFileType = sourcecode.swift; path = "CGRect+Ext.swift"; sourceTree = "<group>"; };
/* End PBXFileReference section */

/* Begin PBXFrameworksBuildPhase section */
		FBC0369A23166F0800763CDE /* Frameworks */ = {
			isa = PBXFrameworksBuildPhase;
			buildActionMask = 2147483647;
			files = (
			);
			runOnlyForDeploymentPostprocessing = 0;
		};
		FBC036A323166F0800763CDE /* Frameworks */ = {
			isa = PBXFrameworksBuildPhase;
			buildActionMask = 2147483647;
			files = (
				FBC036A723166F0800763CDE /* CBAssistiveTouch.framework in Frameworks */,
			);
			runOnlyForDeploymentPostprocessing = 0;
		};
		FBC036C4231681FB00763CDE /* Frameworks */ = {
			isa = PBXFrameworksBuildPhase;
			buildActionMask = 2147483647;
			files = (
				FBC036E72316821E00763CDE /* CBAssistiveTouch.framework in Frameworks */,
			);
			runOnlyForDeploymentPostprocessing = 0;
		};
		FBC036D7231681FD00763CDE /* Frameworks */ = {
			isa = PBXFrameworksBuildPhase;
			buildActionMask = 2147483647;
			files = (
			);
			runOnlyForDeploymentPostprocessing = 0;
		};
/* End PBXFrameworksBuildPhase section */

/* Begin PBXGroup section */
		FBC0369323166F0800763CDE = {
			isa = PBXGroup;
			children = (
				FBC0369F23166F0800763CDE /* CBAssistiveTouch */,
				FBC036AA23166F0800763CDE /* CBAssistiveTouchTests */,
				FBC036C8231681FB00763CDE /* CBAssistiveTouchExample */,
				FBC036DD231681FD00763CDE /* CBAssistiveTouchExampleTests */,
				FBC0369E23166F0800763CDE /* Products */,
			);
			sourceTree = "<group>";
		};
		FBC0369E23166F0800763CDE /* Products */ = {
			isa = PBXGroup;
			children = (
				FBC0369D23166F0800763CDE /* CBAssistiveTouch.framework */,
				FBC036A623166F0800763CDE /* CBAssistiveTouchTests.xctest */,
				FBC036C7231681FB00763CDE /* CBAssistiveTouchExample.app */,
				FBC036DA231681FD00763CDE /* CBAssistiveTouchExampleTests.xctest */,
			);
			name = Products;
			sourceTree = "<group>";
		};
		FBC0369F23166F0800763CDE /* CBAssistiveTouch */ = {
			isa = PBXGroup;
			children = (
				FBC036BA23166F6200763CDE /* Classes */,
				FBC036B923166F5600763CDE /* Assets */,
				FBC036A123166F0800763CDE /* Info.plist */,
				FBC036A023166F0800763CDE /* CBAssistiveTouch.h */,
			);
			path = CBAssistiveTouch;
			sourceTree = "<group>";
		};
		FBC036AA23166F0800763CDE /* CBAssistiveTouchTests */ = {
			isa = PBXGroup;
			children = (
				FBC036AB23166F0800763CDE /* CBAssistiveTouchTests.swift */,
				FBC036AD23166F0800763CDE /* Info.plist */,
			);
			path = CBAssistiveTouchTests;
			sourceTree = "<group>";
		};
		FBC036B923166F5600763CDE /* Assets */ = {
			isa = PBXGroup;
			children = (
			);
			path = Assets;
			sourceTree = "<group>";
		};
		FBC036BA23166F6200763CDE /* Classes */ = {
			isa = PBXGroup;
			children = (
				FBC036B723166F5100763CDE /* AssistiveTouch.swift */,
				FBC036BB2316780100763CDE /* AssistiveTouchLayout.swift */,
				FBC036BD2316799400763CDE /* AssistiveTouchManipulator.swift */,
				FBC036C1231680E300763CDE /* AssistiveTouchViewController.swift */,
				FBC036BF23167A7300763CDE /* TocuhHandling.swift */,
				FBC036ED23178E1E00763CDE /* Quadrant.swift */,
				FBC036EF23178E4900763CDE /* CGRect+Ext.swift */,
			);
			path = Classes;
			sourceTree = "<group>";
		};
		FBC036C8231681FB00763CDE /* CBAssistiveTouchExample */ = {
			isa = PBXGroup;
			children = (
				FBC036C9231681FB00763CDE /* AppDelegate.swift */,
				FBC036CB231681FB00763CDE /* ViewController.swift */,
				FBC036D0231681FD00763CDE /* Assets.xcassets */,
				FBC036D2231681FD00763CDE /* LaunchScreen.storyboard */,
				FBC036D5231681FD00763CDE /* Info.plist */,
			);
			path = CBAssistiveTouchExample;
			sourceTree = "<group>";
		};
		FBC036DD231681FD00763CDE /* CBAssistiveTouchExampleTests */ = {
			isa = PBXGroup;
			children = (
				FBC036DE231681FD00763CDE /* CBAssistiveTouchExampleTests.swift */,
				FBC036E0231681FD00763CDE /* Info.plist */,
			);
			path = CBAssistiveTouchExampleTests;
			sourceTree = "<group>";
		};
/* End PBXGroup section */

/* Begin PBXHeadersBuildPhase section */
		FBC0369823166F0800763CDE /* Headers */ = {
			isa = PBXHeadersBuildPhase;
			buildActionMask = 2147483647;
			files = (
				FBC036AE23166F0800763CDE /* CBAssistiveTouch.h in Headers */,
			);
			runOnlyForDeploymentPostprocessing = 0;
		};
/* End PBXHeadersBuildPhase section */

/* Begin PBXNativeTarget section */
		FBC0369C23166F0800763CDE /* CBAssistiveTouch */ = {
			isa = PBXNativeTarget;
			buildConfigurationList = FBC036B123166F0800763CDE /* Build configuration list for PBXNativeTarget "CBAssistiveTouch" */;
			buildPhases = (
				FBC0369823166F0800763CDE /* Headers */,
				FBC0369923166F0800763CDE /* Sources */,
				FBC0369A23166F0800763CDE /* Frameworks */,
				FBC0369B23166F0800763CDE /* Resources */,
			);
			buildRules = (
			);
			dependencies = (
			);
			name = CBAssistiveTouch;
			productName = CBAssistiveTouch;
			productReference = FBC0369D23166F0800763CDE /* CBAssistiveTouch.framework */;
			productType = "com.apple.product-type.framework";
		};
		FBC036A523166F0800763CDE /* CBAssistiveTouchTests */ = {
			isa = PBXNativeTarget;
			buildConfigurationList = FBC036B423166F0800763CDE /* Build configuration list for PBXNativeTarget "CBAssistiveTouchTests" */;
			buildPhases = (
				FBC036A223166F0800763CDE /* Sources */,
				FBC036A323166F0800763CDE /* Frameworks */,
				FBC036A423166F0800763CDE /* Resources */,
			);
			buildRules = (
			);
			dependencies = (
				FBC036A923166F0800763CDE /* PBXTargetDependency */,
			);
			name = CBAssistiveTouchTests;
			productName = CBAssistiveTouchTests;
			productReference = FBC036A623166F0800763CDE /* CBAssistiveTouchTests.xctest */;
			productType = "com.apple.product-type.bundle.unit-test";
		};
		FBC036C6231681FB00763CDE /* CBAssistiveTouchExample */ = {
			isa = PBXNativeTarget;
			buildConfigurationList = FBC036E1231681FD00763CDE /* Build configuration list for PBXNativeTarget "CBAssistiveTouchExample" */;
			buildPhases = (
				FBC036C3231681FB00763CDE /* Sources */,
				FBC036C4231681FB00763CDE /* Frameworks */,
				FBC036C5231681FB00763CDE /* Resources */,
				FBC036EB2316821E00763CDE /* Embed Frameworks */,
			);
			buildRules = (
			);
			dependencies = (
				FBC036EA2316821E00763CDE /* PBXTargetDependency */,
			);
			name = CBAssistiveTouchExample;
			productName = CBAssistiveTouchExample;
			productReference = FBC036C7231681FB00763CDE /* CBAssistiveTouchExample.app */;
			productType = "com.apple.product-type.application";
		};
		FBC036D9231681FD00763CDE /* CBAssistiveTouchExampleTests */ = {
			isa = PBXNativeTarget;
			buildConfigurationList = FBC036E4231681FD00763CDE /* Build configuration list for PBXNativeTarget "CBAssistiveTouchExampleTests" */;
			buildPhases = (
				FBC036D6231681FD00763CDE /* Sources */,
				FBC036D7231681FD00763CDE /* Frameworks */,
				FBC036D8231681FD00763CDE /* Resources */,
			);
			buildRules = (
			);
			dependencies = (
				FBC036DC231681FD00763CDE /* PBXTargetDependency */,
			);
			name = CBAssistiveTouchExampleTests;
			productName = CBAssistiveTouchExampleTests;
			productReference = FBC036DA231681FD00763CDE /* CBAssistiveTouchExampleTests.xctest */;
			productType = "com.apple.product-type.bundle.unit-test";
		};
/* End PBXNativeTarget section */

/* Begin PBXProject section */
		FBC0369423166F0800763CDE /* Project object */ = {
			isa = PBXProject;
			attributes = {
				LastSwiftUpdateCheck = 1020;
				LastUpgradeCheck = 1020;
				ORGANIZATIONNAME = Cardinalblue;
				TargetAttributes = {
					FBC0369C23166F0800763CDE = {
						CreatedOnToolsVersion = 10.2.1;
						LastSwiftMigration = 1020;
					};
					FBC036A523166F0800763CDE = {
						CreatedOnToolsVersion = 10.2.1;
					};
					FBC036C6231681FB00763CDE = {
						CreatedOnToolsVersion = 10.2.1;
					};
					FBC036D9231681FD00763CDE = {
						CreatedOnToolsVersion = 10.2.1;
						TestTargetID = FBC036C6231681FB00763CDE;
					};
				};
			};
			buildConfigurationList = FBC0369723166F0800763CDE /* Build configuration list for PBXProject "CBAssistiveTouch" */;
			compatibilityVersion = "Xcode 9.3";
			developmentRegion = en;
			hasScannedForEncodings = 0;
			knownRegions = (
				en,
				Base,
			);
			mainGroup = FBC0369323166F0800763CDE;
			productRefGroup = FBC0369E23166F0800763CDE /* Products */;
			projectDirPath = "";
			projectRoot = "";
			targets = (
				FBC0369C23166F0800763CDE /* CBAssistiveTouch */,
				FBC036A523166F0800763CDE /* CBAssistiveTouchTests */,
				FBC036C6231681FB00763CDE /* CBAssistiveTouchExample */,
				FBC036D9231681FD00763CDE /* CBAssistiveTouchExampleTests */,
			);
		};
/* End PBXProject section */

/* Begin PBXResourcesBuildPhase section */
		FBC0369B23166F0800763CDE /* Resources */ = {
			isa = PBXResourcesBuildPhase;
			buildActionMask = 2147483647;
			files = (
			);
			runOnlyForDeploymentPostprocessing = 0;
		};
		FBC036A423166F0800763CDE /* Resources */ = {
			isa = PBXResourcesBuildPhase;
			buildActionMask = 2147483647;
			files = (
			);
			runOnlyForDeploymentPostprocessing = 0;
		};
		FBC036C5231681FB00763CDE /* Resources */ = {
			isa = PBXResourcesBuildPhase;
			buildActionMask = 2147483647;
			files = (
				FBC036D4231681FD00763CDE /* LaunchScreen.storyboard in Resources */,
				FBC036D1231681FD00763CDE /* Assets.xcassets in Resources */,
			);
			runOnlyForDeploymentPostprocessing = 0;
		};
		FBC036D8231681FD00763CDE /* Resources */ = {
			isa = PBXResourcesBuildPhase;
			buildActionMask = 2147483647;
			files = (
			);
			runOnlyForDeploymentPostprocessing = 0;
		};
/* End PBXResourcesBuildPhase section */

/* Begin PBXSourcesBuildPhase section */
		FBC0369923166F0800763CDE /* Sources */ = {
			isa = PBXSourcesBuildPhase;
			buildActionMask = 2147483647;
			files = (
				FBC036F023178E4900763CDE /* CGRect+Ext.swift in Sources */,
				FBC036B823166F5100763CDE /* AssistiveTouch.swift in Sources */,
				FBC036BC2316780100763CDE /* AssistiveTouchLayout.swift in Sources */,
				FBC036C023167A7300763CDE /* TocuhHandling.swift in Sources */,
				FBC036EE23178E1E00763CDE /* Quadrant.swift in Sources */,
				FBC036BE2316799400763CDE /* AssistiveTouchManipulator.swift in Sources */,
				FBC036C2231680E300763CDE /* AssistiveTouchViewController.swift in Sources */,
			);
			runOnlyForDeploymentPostprocessing = 0;
		};
		FBC036A223166F0800763CDE /* Sources */ = {
			isa = PBXSourcesBuildPhase;
			buildActionMask = 2147483647;
			files = (
				FBC036AC23166F0800763CDE /* CBAssistiveTouchTests.swift in Sources */,
			);
			runOnlyForDeploymentPostprocessing = 0;
		};
		FBC036C3231681FB00763CDE /* Sources */ = {
			isa = PBXSourcesBuildPhase;
			buildActionMask = 2147483647;
			files = (
				FBC036CC231681FB00763CDE /* ViewController.swift in Sources */,
				FBC036CA231681FB00763CDE /* AppDelegate.swift in Sources */,
			);
			runOnlyForDeploymentPostprocessing = 0;
		};
		FBC036D6231681FD00763CDE /* Sources */ = {
			isa = PBXSourcesBuildPhase;
			buildActionMask = 2147483647;
			files = (
				FBC036DF231681FD00763CDE /* CBAssistiveTouchExampleTests.swift in Sources */,
			);
			runOnlyForDeploymentPostprocessing = 0;
		};
/* End PBXSourcesBuildPhase section */

/* Begin PBXTargetDependency section */
		FBC036A923166F0800763CDE /* PBXTargetDependency */ = {
			isa = PBXTargetDependency;
			target = FBC0369C23166F0800763CDE /* CBAssistiveTouch */;
			targetProxy = FBC036A823166F0800763CDE /* PBXContainerItemProxy */;
		};
		FBC036DC231681FD00763CDE /* PBXTargetDependency */ = {
			isa = PBXTargetDependency;
			target = FBC036C6231681FB00763CDE /* CBAssistiveTouchExample */;
			targetProxy = FBC036DB231681FD00763CDE /* PBXContainerItemProxy */;
		};
		FBC036EA2316821E00763CDE /* PBXTargetDependency */ = {
			isa = PBXTargetDependency;
			target = FBC0369C23166F0800763CDE /* CBAssistiveTouch */;
			targetProxy = FBC036E92316821E00763CDE /* PBXContainerItemProxy */;
		};
/* End PBXTargetDependency section */

/* Begin PBXVariantGroup section */
		FBC036D2231681FD00763CDE /* LaunchScreen.storyboard */ = {
			isa = PBXVariantGroup;
			children = (
				FBC036D3231681FD00763CDE /* Base */,
			);
			name = LaunchScreen.storyboard;
			sourceTree = "<group>";
		};
/* End PBXVariantGroup section */

/* Begin XCBuildConfiguration section */
		FBC036AF23166F0800763CDE /* Debug */ = {
			isa = XCBuildConfiguration;
			buildSettings = {
				ALWAYS_SEARCH_USER_PATHS = NO;
				CLANG_ANALYZER_NONNULL = YES;
				CLANG_ANALYZER_NUMBER_OBJECT_CONVERSION = YES_AGGRESSIVE;
				CLANG_CXX_LANGUAGE_STANDARD = "gnu++14";
				CLANG_CXX_LIBRARY = "libc++";
				CLANG_ENABLE_MODULES = YES;
				CLANG_ENABLE_OBJC_ARC = YES;
				CLANG_ENABLE_OBJC_WEAK = YES;
				CLANG_WARN_BLOCK_CAPTURE_AUTORELEASING = YES;
				CLANG_WARN_BOOL_CONVERSION = YES;
				CLANG_WARN_COMMA = YES;
				CLANG_WARN_CONSTANT_CONVERSION = YES;
				CLANG_WARN_DEPRECATED_OBJC_IMPLEMENTATIONS = YES;
				CLANG_WARN_DIRECT_OBJC_ISA_USAGE = YES_ERROR;
				CLANG_WARN_DOCUMENTATION_COMMENTS = YES;
				CLANG_WARN_EMPTY_BODY = YES;
				CLANG_WARN_ENUM_CONVERSION = YES;
				CLANG_WARN_INFINITE_RECURSION = YES;
				CLANG_WARN_INT_CONVERSION = YES;
				CLANG_WARN_NON_LITERAL_NULL_CONVERSION = YES;
				CLANG_WARN_OBJC_IMPLICIT_RETAIN_SELF = YES;
				CLANG_WARN_OBJC_LITERAL_CONVERSION = YES;
				CLANG_WARN_OBJC_ROOT_CLASS = YES_ERROR;
				CLANG_WARN_RANGE_LOOP_ANALYSIS = YES;
				CLANG_WARN_STRICT_PROTOTYPES = YES;
				CLANG_WARN_SUSPICIOUS_MOVE = YES;
				CLANG_WARN_UNGUARDED_AVAILABILITY = YES_AGGRESSIVE;
				CLANG_WARN_UNREACHABLE_CODE = YES;
				CLANG_WARN__DUPLICATE_METHOD_MATCH = YES;
				CODE_SIGN_IDENTITY = "iPhone Developer";
				COPY_PHASE_STRIP = NO;
				CURRENT_PROJECT_VERSION = 1;
				DEBUG_INFORMATION_FORMAT = dwarf;
				ENABLE_STRICT_OBJC_MSGSEND = YES;
				ENABLE_TESTABILITY = YES;
				GCC_C_LANGUAGE_STANDARD = gnu11;
				GCC_DYNAMIC_NO_PIC = NO;
				GCC_NO_COMMON_BLOCKS = YES;
				GCC_OPTIMIZATION_LEVEL = 0;
				GCC_PREPROCESSOR_DEFINITIONS = (
					"DEBUG=1",
					"$(inherited)",
				);
				GCC_WARN_64_TO_32_BIT_CONVERSION = YES;
				GCC_WARN_ABOUT_RETURN_TYPE = YES_ERROR;
				GCC_WARN_UNDECLARED_SELECTOR = YES;
				GCC_WARN_UNINITIALIZED_AUTOS = YES_AGGRESSIVE;
				GCC_WARN_UNUSED_FUNCTION = YES;
				GCC_WARN_UNUSED_VARIABLE = YES;
				IPHONEOS_DEPLOYMENT_TARGET = 12.2;
				MTL_ENABLE_DEBUG_INFO = INCLUDE_SOURCE;
				MTL_FAST_MATH = YES;
				ONLY_ACTIVE_ARCH = YES;
				SDKROOT = iphoneos;
				SWIFT_ACTIVE_COMPILATION_CONDITIONS = DEBUG;
				SWIFT_OPTIMIZATION_LEVEL = "-Onone";
				VERSIONING_SYSTEM = "apple-generic";
				VERSION_INFO_PREFIX = "";
			};
			name = Debug;
		};
		FBC036B023166F0800763CDE /* Release */ = {
			isa = XCBuildConfiguration;
			buildSettings = {
				ALWAYS_SEARCH_USER_PATHS = NO;
				CLANG_ANALYZER_NONNULL = YES;
				CLANG_ANALYZER_NUMBER_OBJECT_CONVERSION = YES_AGGRESSIVE;
				CLANG_CXX_LANGUAGE_STANDARD = "gnu++14";
				CLANG_CXX_LIBRARY = "libc++";
				CLANG_ENABLE_MODULES = YES;
				CLANG_ENABLE_OBJC_ARC = YES;
				CLANG_ENABLE_OBJC_WEAK = YES;
				CLANG_WARN_BLOCK_CAPTURE_AUTORELEASING = YES;
				CLANG_WARN_BOOL_CONVERSION = YES;
				CLANG_WARN_COMMA = YES;
				CLANG_WARN_CONSTANT_CONVERSION = YES;
				CLANG_WARN_DEPRECATED_OBJC_IMPLEMENTATIONS = YES;
				CLANG_WARN_DIRECT_OBJC_ISA_USAGE = YES_ERROR;
				CLANG_WARN_DOCUMENTATION_COMMENTS = YES;
				CLANG_WARN_EMPTY_BODY = YES;
				CLANG_WARN_ENUM_CONVERSION = YES;
				CLANG_WARN_INFINITE_RECURSION = YES;
				CLANG_WARN_INT_CONVERSION = YES;
				CLANG_WARN_NON_LITERAL_NULL_CONVERSION = YES;
				CLANG_WARN_OBJC_IMPLICIT_RETAIN_SELF = YES;
				CLANG_WARN_OBJC_LITERAL_CONVERSION = YES;
				CLANG_WARN_OBJC_ROOT_CLASS = YES_ERROR;
				CLANG_WARN_RANGE_LOOP_ANALYSIS = YES;
				CLANG_WARN_STRICT_PROTOTYPES = YES;
				CLANG_WARN_SUSPICIOUS_MOVE = YES;
				CLANG_WARN_UNGUARDED_AVAILABILITY = YES_AGGRESSIVE;
				CLANG_WARN_UNREACHABLE_CODE = YES;
				CLANG_WARN__DUPLICATE_METHOD_MATCH = YES;
				CODE_SIGN_IDENTITY = "iPhone Developer";
				COPY_PHASE_STRIP = NO;
				CURRENT_PROJECT_VERSION = 1;
				DEBUG_INFORMATION_FORMAT = "dwarf-with-dsym";
				ENABLE_NS_ASSERTIONS = NO;
				ENABLE_STRICT_OBJC_MSGSEND = YES;
				GCC_C_LANGUAGE_STANDARD = gnu11;
				GCC_NO_COMMON_BLOCKS = YES;
				GCC_WARN_64_TO_32_BIT_CONVERSION = YES;
				GCC_WARN_ABOUT_RETURN_TYPE = YES_ERROR;
				GCC_WARN_UNDECLARED_SELECTOR = YES;
				GCC_WARN_UNINITIALIZED_AUTOS = YES_AGGRESSIVE;
				GCC_WARN_UNUSED_FUNCTION = YES;
				GCC_WARN_UNUSED_VARIABLE = YES;
				IPHONEOS_DEPLOYMENT_TARGET = 12.2;
				MTL_ENABLE_DEBUG_INFO = NO;
				MTL_FAST_MATH = YES;
				SDKROOT = iphoneos;
				SWIFT_COMPILATION_MODE = wholemodule;
				SWIFT_OPTIMIZATION_LEVEL = "-O";
				VALIDATE_PRODUCT = YES;
				VERSIONING_SYSTEM = "apple-generic";
				VERSION_INFO_PREFIX = "";
			};
			name = Release;
		};
		FBC036B223166F0800763CDE /* Debug */ = {
			isa = XCBuildConfiguration;
			buildSettings = {
				CLANG_ENABLE_MODULES = YES;
				CODE_SIGN_IDENTITY = "";
				CODE_SIGN_STYLE = Automatic;
				DEFINES_MODULE = YES;
				DEVELOPMENT_TEAM = F6J8B455GU;
				DYLIB_COMPATIBILITY_VERSION = 1;
				DYLIB_CURRENT_VERSION = 1;
				DYLIB_INSTALL_NAME_BASE = "@rpath";
				INFOPLIST_FILE = CBAssistiveTouch/Info.plist;
				INSTALL_PATH = "$(LOCAL_LIBRARY_DIR)/Frameworks";
				IPHONEOS_DEPLOYMENT_TARGET = 11.0;
				LD_RUNPATH_SEARCH_PATHS = (
					"$(inherited)",
					"@executable_path/Frameworks",
					"@loader_path/Frameworks",
				);
				PRODUCT_BUNDLE_IDENTIFIER = com.cardinalblue.CBAssistiveTouch;
				PRODUCT_NAME = "$(TARGET_NAME:c99extidentifier)";
				SKIP_INSTALL = YES;
				SWIFT_OPTIMIZATION_LEVEL = "-Onone";
				SWIFT_VERSION = 5.0;
				TARGETED_DEVICE_FAMILY = "1,2";
			};
			name = Debug;
		};
		FBC036B323166F0800763CDE /* Release */ = {
			isa = XCBuildConfiguration;
			buildSettings = {
				CLANG_ENABLE_MODULES = YES;
				CODE_SIGN_IDENTITY = "";
				CODE_SIGN_STYLE = Automatic;
				DEFINES_MODULE = YES;
				DEVELOPMENT_TEAM = F6J8B455GU;
				DYLIB_COMPATIBILITY_VERSION = 1;
				DYLIB_CURRENT_VERSION = 1;
				DYLIB_INSTALL_NAME_BASE = "@rpath";
				INFOPLIST_FILE = CBAssistiveTouch/Info.plist;
				INSTALL_PATH = "$(LOCAL_LIBRARY_DIR)/Frameworks";
				IPHONEOS_DEPLOYMENT_TARGET = 11.0;
				LD_RUNPATH_SEARCH_PATHS = (
					"$(inherited)",
					"@executable_path/Frameworks",
					"@loader_path/Frameworks",
				);
				PRODUCT_BUNDLE_IDENTIFIER = com.cardinalblue.CBAssistiveTouch;
				PRODUCT_NAME = "$(TARGET_NAME:c99extidentifier)";
				SKIP_INSTALL = YES;
				SWIFT_VERSION = 5.0;
				TARGETED_DEVICE_FAMILY = "1,2";
			};
			name = Release;
		};
		FBC036B523166F0800763CDE /* Debug */ = {
			isa = XCBuildConfiguration;
			buildSettings = {
				ALWAYS_EMBED_SWIFT_STANDARD_LIBRARIES = YES;
				CODE_SIGN_STYLE = Automatic;
				DEVELOPMENT_TEAM = F6J8B455GU;
				INFOPLIST_FILE = CBAssistiveTouchTests/Info.plist;
				LD_RUNPATH_SEARCH_PATHS = (
					"$(inherited)",
					"@executable_path/Frameworks",
					"@loader_path/Frameworks",
				);
				PRODUCT_BUNDLE_IDENTIFIER = com.cardinalblue.CBAssistiveTouchTests;
				PRODUCT_NAME = "$(TARGET_NAME)";
				SWIFT_VERSION = 5.0;
				TARGETED_DEVICE_FAMILY = "1,2";
			};
			name = Debug;
		};
		FBC036B623166F0800763CDE /* Release */ = {
			isa = XCBuildConfiguration;
			buildSettings = {
				ALWAYS_EMBED_SWIFT_STANDARD_LIBRARIES = YES;
				CODE_SIGN_STYLE = Automatic;
				DEVELOPMENT_TEAM = F6J8B455GU;
				INFOPLIST_FILE = CBAssistiveTouchTests/Info.plist;
				LD_RUNPATH_SEARCH_PATHS = (
					"$(inherited)",
					"@executable_path/Frameworks",
					"@loader_path/Frameworks",
				);
				PRODUCT_BUNDLE_IDENTIFIER = com.cardinalblue.CBAssistiveTouchTests;
				PRODUCT_NAME = "$(TARGET_NAME)";
				SWIFT_VERSION = 5.0;
				TARGETED_DEVICE_FAMILY = "1,2";
			};
			name = Release;
		};
		FBC036E2231681FD00763CDE /* Debug */ = {
			isa = XCBuildConfiguration;
			buildSettings = {
				ALWAYS_EMBED_SWIFT_STANDARD_LIBRARIES = YES;
				ASSETCATALOG_COMPILER_APPICON_NAME = AppIcon;
				CODE_SIGN_STYLE = Automatic;
				DEVELOPMENT_TEAM = F6J8B455GU;
				INFOPLIST_FILE = CBAssistiveTouchExample/Info.plist;
				IPHONEOS_DEPLOYMENT_TARGET = 11.0;
				LD_RUNPATH_SEARCH_PATHS = (
					"$(inherited)",
					"@executable_path/Frameworks",
				);
				PRODUCT_BUNDLE_IDENTIFIER = com.cardinalblue.CBAssistiveTouchExample;
				PRODUCT_NAME = "$(TARGET_NAME)";
				SWIFT_VERSION = 5.0;
				TARGETED_DEVICE_FAMILY = "1,2";
			};
			name = Debug;
		};
		FBC036E3231681FD00763CDE /* Release */ = {
			isa = XCBuildConfiguration;
			buildSettings = {
				ALWAYS_EMBED_SWIFT_STANDARD_LIBRARIES = YES;
				ASSETCATALOG_COMPILER_APPICON_NAME = AppIcon;
				CODE_SIGN_STYLE = Automatic;
				DEVELOPMENT_TEAM = F6J8B455GU;
				INFOPLIST_FILE = CBAssistiveTouchExample/Info.plist;
				IPHONEOS_DEPLOYMENT_TARGET = 11.0;
				LD_RUNPATH_SEARCH_PATHS = (
					"$(inherited)",
					"@executable_path/Frameworks",
				);
				PRODUCT_BUNDLE_IDENTIFIER = com.cardinalblue.CBAssistiveTouchExample;
				PRODUCT_NAME = "$(TARGET_NAME)";
				SWIFT_VERSION = 5.0;
				TARGETED_DEVICE_FAMILY = "1,2";
			};
			name = Release;
		};
		FBC036E5231681FD00763CDE /* Debug */ = {
			isa = XCBuildConfiguration;
			buildSettings = {
				ALWAYS_EMBED_SWIFT_STANDARD_LIBRARIES = YES;
				BUNDLE_LOADER = "$(TEST_HOST)";
				CODE_SIGN_STYLE = Automatic;
				DEVELOPMENT_TEAM = F6J8B455GU;
				INFOPLIST_FILE = CBAssistiveTouchExampleTests/Info.plist;
				LD_RUNPATH_SEARCH_PATHS = (
					"$(inherited)",
					"@executable_path/Frameworks",
					"@loader_path/Frameworks",
				);
				PRODUCT_BUNDLE_IDENTIFIER = com.cardinalblue.CBAssistiveTouchExampleTests;
				PRODUCT_NAME = "$(TARGET_NAME)";
				SWIFT_VERSION = 5.0;
				TARGETED_DEVICE_FAMILY = "1,2";
				TEST_HOST = "$(BUILT_PRODUCTS_DIR)/CBAssistiveTouchExample.app/CBAssistiveTouchExample";
			};
			name = Debug;
		};
		FBC036E6231681FD00763CDE /* Release */ = {
			isa = XCBuildConfiguration;
			buildSettings = {
				ALWAYS_EMBED_SWIFT_STANDARD_LIBRARIES = YES;
				BUNDLE_LOADER = "$(TEST_HOST)";
				CODE_SIGN_STYLE = Automatic;
				DEVELOPMENT_TEAM = F6J8B455GU;
				INFOPLIST_FILE = CBAssistiveTouchExampleTests/Info.plist;
				LD_RUNPATH_SEARCH_PATHS = (
					"$(inherited)",
					"@executable_path/Frameworks",
					"@loader_path/Frameworks",
				);
				PRODUCT_BUNDLE_IDENTIFIER = com.cardinalblue.CBAssistiveTouchExampleTests;
				PRODUCT_NAME = "$(TARGET_NAME)";
				SWIFT_VERSION = 5.0;
				TARGETED_DEVICE_FAMILY = "1,2";
				TEST_HOST = "$(BUILT_PRODUCTS_DIR)/CBAssistiveTouchExample.app/CBAssistiveTouchExample";
			};
			name = Release;
		};
/* End XCBuildConfiguration section */

/* Begin XCConfigurationList section */
		FBC0369723166F0800763CDE /* Build configuration list for PBXProject "CBAssistiveTouch" */ = {
			isa = XCConfigurationList;
			buildConfigurations = (
				FBC036AF23166F0800763CDE /* Debug */,
				FBC036B023166F0800763CDE /* Release */,
			);
			defaultConfigurationIsVisible = 0;
			defaultConfigurationName = Release;
		};
		FBC036B123166F0800763CDE /* Build configuration list for PBXNativeTarget "CBAssistiveTouch" */ = {
			isa = XCConfigurationList;
			buildConfigurations = (
				FBC036B223166F0800763CDE /* Debug */,
				FBC036B323166F0800763CDE /* Release */,
			);
			defaultConfigurationIsVisible = 0;
			defaultConfigurationName = Release;
		};
		FBC036B423166F0800763CDE /* Build configuration list for PBXNativeTarget "CBAssistiveTouchTests" */ = {
			isa = XCConfigurationList;
			buildConfigurations = (
				FBC036B523166F0800763CDE /* Debug */,
				FBC036B623166F0800763CDE /* Release */,
			);
			defaultConfigurationIsVisible = 0;
			defaultConfigurationName = Release;
		};
		FBC036E1231681FD00763CDE /* Build configuration list for PBXNativeTarget "CBAssistiveTouchExample" */ = {
			isa = XCConfigurationList;
			buildConfigurations = (
				FBC036E2231681FD00763CDE /* Debug */,
				FBC036E3231681FD00763CDE /* Release */,
			);
			defaultConfigurationIsVisible = 0;
			defaultConfigurationName = Release;
		};
		FBC036E4231681FD00763CDE /* Build configuration list for PBXNativeTarget "CBAssistiveTouchExampleTests" */ = {
			isa = XCConfigurationList;
			buildConfigurations = (
				FBC036E5231681FD00763CDE /* Debug */,
				FBC036E6231681FD00763CDE /* Release */,
			);
			defaultConfigurationIsVisible = 0;
			defaultConfigurationName = Release;
		};
/* End XCConfigurationList section */
	};
	rootObject = FBC0369423166F0800763CDE /* Project object */;
}
